
Microsoft Visual Studio Solution File, Format Version 12.00
# Visual Studio Version 16
VisualStudioVersion = 16.0.31729.503
MinimumVisualStudioVersion = 10.0.40219.1
Project("{8BC9CEB8-8B4A-11D0-8D11-00A0C91BC942}") = "pertemuan 5", "pertemuan 5\pertemuan 5.vcxproj", "{46D53F3E-A651-4D22-8373-1FD4A8EFB503}"
EndProject
Project("{8BC9CEB8-8B4A-11D0-8D11-00A0C91BC942}") = "latihan2", "latihan2\latihan2.vcxproj", "{BEF58467-6448-4892-9758-BFF99595D060}"
EndProject
Project("{8BC9CEB8-8B4A-11D0-8D11-00A0C91BC942}") = "latihan3", "latihan3\latihan3.vcxproj", "{49D23EA0-054C-49BE-9A5E-B15A48C52600}"
EndProject
Global
	GlobalSection(SolutionConfigurationPlatforms) = preSolution
		Debug|x64 = Debug|x64
		Debug|x86 = Debug|x86
		Release|x64 = Release|x64
		Release|x86 = Release|x86
	EndGlobalSection
	GlobalSection(ProjectConfigurationPlatforms) = postSolution
		{46D53F3E-A651-4D22-8373-1FD4A8EFB503}.Debug|x64.ActiveCfg = Debug|x64
		{46D53F3E-A651-4D22-8373-1FD4A8EFB503}.Debug|x64.Build.0 = Debug|x64
		{46D53F3E-A651-4D22-8373-1FD4A8EFB503}.Debug|x86.ActiveCfg = Debug|Win32
		{46D53F3E-A651-4D22-8373-1FD4A8EFB503}.Debug|x86.Build.0 = Debug|Win32
		{46D53F3E-A651-4D22-8373-1FD4A8EFB503}.Release|x64.ActiveCfg = Release|x64
		{46D53F3E-A651-4D22-8373-1FD4A8EFB503}.Release|x64.Build.0 = Release|x64
		{46D53F3E-A651-4D22-8373-1FD4A8EFB503}.Release|x86.ActiveCfg = Release|Win32
		{46D53F3E-A651-4D22-8373-1FD4A8EFB503}.Release|x86.Build.0 = Release|Win32
		{BEF58467-6448-4892-9758-BFF99595D060}.Debug|x64.ActiveCfg = Debug|x64
		{BEF58467-6448-4892-9758-BFF99595D060}.Debug|x64.Build.0 = Debug|x64
		{BEF58467-6448-4892-9758-BFF99595D060}.Debug|x86.ActiveCfg = Debug|Win32
		{BEF58467-6448-4892-9758-BFF99595D060}.Debug|x86.Build.0 = Debug|Win32
		{BEF58467-6448-4892-9758-BFF99595D060}.Release|x64.ActiveCfg = Release|x64
		{BEF58467-6448-4892-9758-BFF99595D060}.Release|x64.Build.0 = Release|x64
		{BEF58467-6448-4892-9758-BFF99595D060}.Release|x86.ActiveCfg = Release|Win32
		{BEF58467-6448-4892-9758-BFF99595D060}.Release|x86.Build.0 = Release|Win32
		{49D23EA0-054C-49BE-9A5E-B15A48C52600}.Debug|x64.ActiveCfg = Debug|x64
		{49D23EA0-054C-49BE-9A5E-B15A48C52600}.Debug|x64.Build.0 = Debug|x64
		{49D23EA0-054C-49BE-9A5E-B15A48C52600}.Debug|x86.ActiveCfg = Debug|Win32
		{49D23EA0-054C-49BE-9A5E-B15A48C52600}.Debug|x86.Build.0 = Debug|Win32
		{49D23EA0-054C-49BE-9A5E-B15A48C52600}.Release|x64.ActiveCfg = Release|x64
		{49D23EA0-054C-49BE-9A5E-B15A48C52600}.Release|x64.Build.0 = Release|x64
		{49D23EA0-054C-49BE-9A5E-B15A48C52600}.Release|x86.ActiveCfg = Release|Win32
		{49D23EA0-054C-49BE-9A5E-B15A48C52600}.Release|x86.Build.0 = Release|Win32
	EndGlobalSection
	GlobalSection(SolutionProperties) = preSolution
		HideSolutionNode = FALSE
	EndGlobalSection
	GlobalSection(ExtensibilityGlobals) = postSolution
		SolutionGuid = {E888D72D-613D-4B9D-A089-9BC37EB5F643}
	EndGlobalSection
EndGlobal
